
Microsoft Visual Studio Solution File, Format Version 12.00
# Visual Studio Version 16
VisualStudioVersion = 25.0.1703.7
MinimumVisualStudioVersion = 10.0.40219.1
Project("{FAE04EC0-301F-11D3-BF4B-00C04F79EFBC}") = "Sprint0", "Sprint0.csproj", "{975C24EF-463C-41B8-9664-F7482E184C20}"
EndProject
Global
	GlobalSection(SolutionConfigurationPlatforms) = preSolution
		Debug|Any CPU = Debug|Any CPU
		Release|Any CPU = Release|Any CPU
	EndGlobalSection
	GlobalSection(ProjectConfigurationPlatforms) = postSolution
		{975C24EF-463C-41B8-9664-F7482E184C20}.Debug|Any CPU.ActiveCfg = Debug|Any CPU
		{975C24EF-463C-41B8-9664-F7482E184C20}.Debug|Any CPU.Build.0 = Debug|Any CPU
		{975C24EF-463C-41B8-9664-F7482E184C20}.Release|Any CPU.ActiveCfg = Release|Any CPU
		{975C24EF-463C-41B8-9664-F7482E184C20}.Release|Any CPU.Build.0 = Release|Any CPU
	EndGlobalSection
	GlobalSection(SolutionProperties) = preSolution
		HideSolutionNode = FALSE
	EndGlobalSection
	GlobalSection(ExtensibilityGlobals) = postSolution
		SolutionGuid = {363A6C2E-D955-489D-9048-BFBB3424A569}
	EndGlobalSection
EndGlobal
